
Microsoft Visual Studio Solution File, Format Version 12.00
# Visual Studio 2013
VisualStudioVersion = 12.0.31101.0
MinimumVisualStudioVersion = 10.0.40219.1
Project("{FAE04EC0-301F-11D3-BF4B-00C04F79EFBC}") = "01. MathProblem", "MathProblem\01. MathProblem.csproj", "{C39A7D4D-8BB5-4CEF-BBDB-2521461909D5}"
EndProject
Project("{FAE04EC0-301F-11D3-BF4B-00C04F79EFBC}") = "02. SumOfDifferences", "SumOfDifferences\02. SumOfDifferences.csproj", "{804130E3-FEEB-45DE-8B7F-E634C3831552}"
EndProject
Project("{FAE04EC0-301F-11D3-BF4B-00C04F79EFBC}") = "05. TheCatAteIt!", "TheCatAteIt!\05. TheCatAteIt!.csproj", "{6D3E790D-2580-433D-9D05-538D1C8072BA}"
EndProject
Project("{FAE04EC0-301F-11D3-BF4B-00C04F79EFBC}") = "03. BishopPathFinder", "BishopPathFinder\03. BishopPathFinder.csproj", "{91D8F205-98D4-4605-A5EC-5C557BE5D292}"
EndProject
Global
	GlobalSection(SolutionConfigurationPlatforms) = preSolution
		Debug|Any CPU = Debug|Any CPU
		Release|Any CPU = Release|Any CPU
	EndGlobalSection
	GlobalSection(ProjectConfigurationPlatforms) = postSolution
		{C39A7D4D-8BB5-4CEF-BBDB-2521461909D5}.Debug|Any CPU.ActiveCfg = Debug|Any CPU
		{C39A7D4D-8BB5-4CEF-BBDB-2521461909D5}.Debug|Any CPU.Build.0 = Debug|Any CPU
		{C39A7D4D-8BB5-4CEF-BBDB-2521461909D5}.Release|Any CPU.ActiveCfg = Release|Any CPU
		{C39A7D4D-8BB5-4CEF-BBDB-2521461909D5}.Release|Any CPU.Build.0 = Release|Any CPU
		{804130E3-FEEB-45DE-8B7F-E634C3831552}.Debug|Any CPU.ActiveCfg = Debug|Any CPU
		{804130E3-FEEB-45DE-8B7F-E634C3831552}.Debug|Any CPU.Build.0 = Debug|Any CPU
		{804130E3-FEEB-45DE-8B7F-E634C3831552}.Release|Any CPU.ActiveCfg = Release|Any CPU
		{804130E3-FEEB-45DE-8B7F-E634C3831552}.Release|Any CPU.Build.0 = Release|Any CPU
		{6D3E790D-2580-433D-9D05-538D1C8072BA}.Debug|Any CPU.ActiveCfg = Debug|Any CPU
		{6D3E790D-2580-433D-9D05-538D1C8072BA}.Debug|Any CPU.Build.0 = Debug|Any CPU
		{6D3E790D-2580-433D-9D05-538D1C8072BA}.Release|Any CPU.ActiveCfg = Release|Any CPU
		{6D3E790D-2580-433D-9D05-538D1C8072BA}.Release|Any CPU.Build.0 = Release|Any CPU
		{91D8F205-98D4-4605-A5EC-5C557BE5D292}.Debug|Any CPU.ActiveCfg = Debug|Any CPU
		{91D8F205-98D4-4605-A5EC-5C557BE5D292}.Debug|Any CPU.Build.0 = Debug|Any CPU
		{91D8F205-98D4-4605-A5EC-5C557BE5D292}.Release|Any CPU.ActiveCfg = Release|Any CPU
		{91D8F205-98D4-4605-A5EC-5C557BE5D292}.Release|Any CPU.Build.0 = Release|Any CPU
	EndGlobalSection
	GlobalSection(SolutionProperties) = preSolution
		HideSolutionNode = FALSE
	EndGlobalSection
EndGlobal
