
Microsoft Visual Studio Solution File, Format Version 12.00
# Visual Studio 2013
VisualStudioVersion = 12.0.31101.0
MinimumVisualStudioVersion = 10.0.40219.1
Project("{FAE04EC0-301F-11D3-BF4B-00C04F79EFBC}") = "01.SchoolClasses", "SchoolClasses\01.SchoolClasses.csproj", "{EBCCA545-E685-44A2-91CD-C4059F1C40D7}"
EndProject
Project("{FAE04EC0-301F-11D3-BF4B-00C04F79EFBC}") = "02.StudentsAndWorkers", "StudentsAndWorkers\02.StudentsAndWorkers.csproj", "{51DE3C1E-A7B7-40A0-9020-4196721C9AE3}"
EndProject
Project("{FAE04EC0-301F-11D3-BF4B-00C04F79EFBC}") = "03.AnimalHierarchy", "AnimalHierarchy\03.AnimalHierarchy.csproj", "{A87CDF93-A6FC-41AC-A0AA-2BB969A25169}"
EndProject
Project("{FAE04EC0-301F-11D3-BF4B-00C04F79EFBC}") = "PracticeStudentsAndWorkers", "PracticeStudentsAndWorkers\PracticeStudentsAndWorkers.csproj", "{CDDE58F9-121B-45F4-A724-4A8F162311E1}"
EndProject
Global
	GlobalSection(SolutionConfigurationPlatforms) = preSolution
		Debug|Any CPU = Debug|Any CPU
		Release|Any CPU = Release|Any CPU
	EndGlobalSection
	GlobalSection(ProjectConfigurationPlatforms) = postSolution
		{EBCCA545-E685-44A2-91CD-C4059F1C40D7}.Debug|Any CPU.ActiveCfg = Debug|Any CPU
		{EBCCA545-E685-44A2-91CD-C4059F1C40D7}.Debug|Any CPU.Build.0 = Debug|Any CPU
		{EBCCA545-E685-44A2-91CD-C4059F1C40D7}.Release|Any CPU.ActiveCfg = Release|Any CPU
		{EBCCA545-E685-44A2-91CD-C4059F1C40D7}.Release|Any CPU.Build.0 = Release|Any CPU
		{51DE3C1E-A7B7-40A0-9020-4196721C9AE3}.Debug|Any CPU.ActiveCfg = Debug|Any CPU
		{51DE3C1E-A7B7-40A0-9020-4196721C9AE3}.Debug|Any CPU.Build.0 = Debug|Any CPU
		{51DE3C1E-A7B7-40A0-9020-4196721C9AE3}.Release|Any CPU.ActiveCfg = Release|Any CPU
		{51DE3C1E-A7B7-40A0-9020-4196721C9AE3}.Release|Any CPU.Build.0 = Release|Any CPU
		{A87CDF93-A6FC-41AC-A0AA-2BB969A25169}.Debug|Any CPU.ActiveCfg = Debug|Any CPU
		{A87CDF93-A6FC-41AC-A0AA-2BB969A25169}.Debug|Any CPU.Build.0 = Debug|Any CPU
		{A87CDF93-A6FC-41AC-A0AA-2BB969A25169}.Release|Any CPU.ActiveCfg = Release|Any CPU
		{A87CDF93-A6FC-41AC-A0AA-2BB969A25169}.Release|Any CPU.Build.0 = Release|Any CPU
		{CDDE58F9-121B-45F4-A724-4A8F162311E1}.Debug|Any CPU.ActiveCfg = Debug|Any CPU
		{CDDE58F9-121B-45F4-A724-4A8F162311E1}.Debug|Any CPU.Build.0 = Debug|Any CPU
		{CDDE58F9-121B-45F4-A724-4A8F162311E1}.Release|Any CPU.ActiveCfg = Release|Any CPU
		{CDDE58F9-121B-45F4-A724-4A8F162311E1}.Release|Any CPU.Build.0 = Release|Any CPU
	EndGlobalSection
	GlobalSection(SolutionProperties) = preSolution
		HideSolutionNode = FALSE
	EndGlobalSection
EndGlobal
