
Microsoft Visual Studio Solution File, Format Version 12.00
# Visual Studio 2013
VisualStudioVersion = 12.0.31101.0
MinimumVisualStudioVersion = 10.0.40219.1
Project("{FAE04EC0-301F-11D3-BF4B-00C04F79EFBC}") = "01. DecimalToBinary", "DecimalToBinary\01. DecimalToBinary.csproj", "{FAA7660B-3BE2-47B3-8DF0-34AC19DAC324}"
EndProject
Project("{FAE04EC0-301F-11D3-BF4B-00C04F79EFBC}") = "02. BinaryToDecimal", "BinaryToDecimal\02. BinaryToDecimal.csproj", "{1DCFCC4A-AE77-4420-AF2F-D0D1DAED6DEE}"
EndProject
Project("{FAE04EC0-301F-11D3-BF4B-00C04F79EFBC}") = "03. DecimalToHexadecimal", "DecimalToHexadecimal\03. DecimalToHexadecimal.csproj", "{6D78EC56-80A6-4B20-828D-F59943889124}"
EndProject
Project("{FAE04EC0-301F-11D3-BF4B-00C04F79EFBC}") = "04. HexadecimalToDecimal", "HexadecimalToDecimal\04. HexadecimalToDecimal.csproj", "{46C62321-0755-4503-91E0-3141058EF382}"
EndProject
Project("{FAE04EC0-301F-11D3-BF4B-00C04F79EFBC}") = "05.HexadecimalToBinary", "HexadecimalToBinary\05.HexadecimalToBinary.csproj", "{28D40747-DC21-487B-83FE-3871F712F4FD}"
EndProject
Project("{FAE04EC0-301F-11D3-BF4B-00C04F79EFBC}") = "06. BinaryToHexadecimal", "BinaryToHexadecimal\06. BinaryToHexadecimal.csproj", "{C89AF378-78FA-4258-913B-D6BCBD50693B}"
EndProject
Project("{FAE04EC0-301F-11D3-BF4B-00C04F79EFBC}") = "07. OneSystemToOher", "OneSystemToOher\07. OneSystemToOher.csproj", "{DD9A9AB0-253E-438E-9377-EADC4F26CFD6}"
EndProject
Global
	GlobalSection(SolutionConfigurationPlatforms) = preSolution
		Debug|Any CPU = Debug|Any CPU
		Release|Any CPU = Release|Any CPU
	EndGlobalSection
	GlobalSection(ProjectConfigurationPlatforms) = postSolution
		{FAA7660B-3BE2-47B3-8DF0-34AC19DAC324}.Debug|Any CPU.ActiveCfg = Debug|Any CPU
		{FAA7660B-3BE2-47B3-8DF0-34AC19DAC324}.Debug|Any CPU.Build.0 = Debug|Any CPU
		{FAA7660B-3BE2-47B3-8DF0-34AC19DAC324}.Release|Any CPU.ActiveCfg = Release|Any CPU
		{FAA7660B-3BE2-47B3-8DF0-34AC19DAC324}.Release|Any CPU.Build.0 = Release|Any CPU
		{1DCFCC4A-AE77-4420-AF2F-D0D1DAED6DEE}.Debug|Any CPU.ActiveCfg = Debug|Any CPU
		{1DCFCC4A-AE77-4420-AF2F-D0D1DAED6DEE}.Debug|Any CPU.Build.0 = Debug|Any CPU
		{1DCFCC4A-AE77-4420-AF2F-D0D1DAED6DEE}.Release|Any CPU.ActiveCfg = Release|Any CPU
		{1DCFCC4A-AE77-4420-AF2F-D0D1DAED6DEE}.Release|Any CPU.Build.0 = Release|Any CPU
		{6D78EC56-80A6-4B20-828D-F59943889124}.Debug|Any CPU.ActiveCfg = Debug|Any CPU
		{6D78EC56-80A6-4B20-828D-F59943889124}.Debug|Any CPU.Build.0 = Debug|Any CPU
		{6D78EC56-80A6-4B20-828D-F59943889124}.Release|Any CPU.ActiveCfg = Release|Any CPU
		{6D78EC56-80A6-4B20-828D-F59943889124}.Release|Any CPU.Build.0 = Release|Any CPU
		{46C62321-0755-4503-91E0-3141058EF382}.Debug|Any CPU.ActiveCfg = Debug|Any CPU
		{46C62321-0755-4503-91E0-3141058EF382}.Debug|Any CPU.Build.0 = Debug|Any CPU
		{46C62321-0755-4503-91E0-3141058EF382}.Release|Any CPU.ActiveCfg = Release|Any CPU
		{46C62321-0755-4503-91E0-3141058EF382}.Release|Any CPU.Build.0 = Release|Any CPU
		{28D40747-DC21-487B-83FE-3871F712F4FD}.Debug|Any CPU.ActiveCfg = Debug|Any CPU
		{28D40747-DC21-487B-83FE-3871F712F4FD}.Debug|Any CPU.Build.0 = Debug|Any CPU
		{28D40747-DC21-487B-83FE-3871F712F4FD}.Release|Any CPU.ActiveCfg = Release|Any CPU
		{28D40747-DC21-487B-83FE-3871F712F4FD}.Release|Any CPU.Build.0 = Release|Any CPU
		{C89AF378-78FA-4258-913B-D6BCBD50693B}.Debug|Any CPU.ActiveCfg = Debug|Any CPU
		{C89AF378-78FA-4258-913B-D6BCBD50693B}.Debug|Any CPU.Build.0 = Debug|Any CPU
		{C89AF378-78FA-4258-913B-D6BCBD50693B}.Release|Any CPU.ActiveCfg = Release|Any CPU
		{C89AF378-78FA-4258-913B-D6BCBD50693B}.Release|Any CPU.Build.0 = Release|Any CPU
		{DD9A9AB0-253E-438E-9377-EADC4F26CFD6}.Debug|Any CPU.ActiveCfg = Debug|Any CPU
		{DD9A9AB0-253E-438E-9377-EADC4F26CFD6}.Debug|Any CPU.Build.0 = Debug|Any CPU
		{DD9A9AB0-253E-438E-9377-EADC4F26CFD6}.Release|Any CPU.ActiveCfg = Release|Any CPU
		{DD9A9AB0-253E-438E-9377-EADC4F26CFD6}.Release|Any CPU.Build.0 = Release|Any CPU
	EndGlobalSection
	GlobalSection(SolutionProperties) = preSolution
		HideSolutionNode = FALSE
	EndGlobalSection
EndGlobal
